
Microsoft Visual Studio Solution File, Format Version 12.00
# Visual Studio Version 16
VisualStudioVersion = 16.0.30406.217
MinimumVisualStudioVersion = 10.0.40219.1
Project("{FAE04EC0-301F-11D3-BF4B-00C04F79EFBC}") = "ConAppJaggedArray", "ConAppJaggedArray\ConAppJaggedArray.csproj", "{3BB5B565-A585-4192-9B4F-0086FE957A68}"
EndProject
Global
	GlobalSection(SolutionConfigurationPlatforms) = preSolution
		Debug|Any CPU = Debug|Any CPU
		Release|Any CPU = Release|Any CPU
	EndGlobalSection
	GlobalSection(ProjectConfigurationPlatforms) = postSolution
		{3BB5B565-A585-4192-9B4F-0086FE957A68}.Debug|Any CPU.ActiveCfg = Debug|Any CPU
		{3BB5B565-A585-4192-9B4F-0086FE957A68}.Debug|Any CPU.Build.0 = Debug|Any CPU
		{3BB5B565-A585-4192-9B4F-0086FE957A68}.Release|Any CPU.ActiveCfg = Release|Any CPU
		{3BB5B565-A585-4192-9B4F-0086FE957A68}.Release|Any CPU.Build.0 = Release|Any CPU
	EndGlobalSection
	GlobalSection(SolutionProperties) = preSolution
		HideSolutionNode = FALSE
	EndGlobalSection
	GlobalSection(ExtensibilityGlobals) = postSolution
		SolutionGuid = {9D91D81D-4CA1-4CE1-AEAF-CA69C9B73F8E}
	EndGlobalSection
EndGlobal
